
Microsoft Visual Studio Solution File, Format Version 12.00
# Visual Studio Version 17
VisualStudioVersion = 17.11.35312.102
MinimumVisualStudioVersion = 10.0.40219.1
Project("{FAE04EC0-301F-11D3-BF4B-00C04F79EFBC}") = "SirketCalisann", "SirketCalisann\SirketCalisann.csproj", "{54600BF9-D94F-4515-BA06-B770CCC0400A}"
EndProject
Global
	GlobalSection(SolutionConfigurationPlatforms) = preSolution
		Debug|Any CPU = Debug|Any CPU
		Release|Any CPU = Release|Any CPU
	EndGlobalSection
	GlobalSection(ProjectConfigurationPlatforms) = postSolution
		{54600BF9-D94F-4515-BA06-B770CCC0400A}.Debug|Any CPU.ActiveCfg = Debug|Any CPU
		{54600BF9-D94F-4515-BA06-B770CCC0400A}.Debug|Any CPU.Build.0 = Debug|Any CPU
		{54600BF9-D94F-4515-BA06-B770CCC0400A}.Release|Any CPU.ActiveCfg = Release|Any CPU
		{54600BF9-D94F-4515-BA06-B770CCC0400A}.Release|Any CPU.Build.0 = Release|Any CPU
	EndGlobalSection
	GlobalSection(SolutionProperties) = preSolution
		HideSolutionNode = FALSE
	EndGlobalSection
	GlobalSection(ExtensibilityGlobals) = postSolution
		SolutionGuid = {4070D320-E91B-488F-8042-9A2B09EC187A}
	EndGlobalSection
EndGlobal
