
Microsoft Visual Studio Solution File, Format Version 12.00
# Visual Studio Version 17
VisualStudioVersion = 17.11.35312.102
MinimumVisualStudioVersion = 10.0.40219.1
Project("{FAE04EC0-301F-11D3-BF4B-00C04F79EFBC}") = "urunSiparis", "urunSiparis\urunSiparis.csproj", "{3AFF51D3-2958-4A52-AB24-9A3249FA4E16}"
EndProject
Global
	GlobalSection(SolutionConfigurationPlatforms) = preSolution
		Debug|Any CPU = Debug|Any CPU
		Release|Any CPU = Release|Any CPU
	EndGlobalSection
	GlobalSection(ProjectConfigurationPlatforms) = postSolution
		{3AFF51D3-2958-4A52-AB24-9A3249FA4E16}.Debug|Any CPU.ActiveCfg = Debug|Any CPU
		{3AFF51D3-2958-4A52-AB24-9A3249FA4E16}.Debug|Any CPU.Build.0 = Debug|Any CPU
		{3AFF51D3-2958-4A52-AB24-9A3249FA4E16}.Release|Any CPU.ActiveCfg = Release|Any CPU
		{3AFF51D3-2958-4A52-AB24-9A3249FA4E16}.Release|Any CPU.Build.0 = Release|Any CPU
	EndGlobalSection
	GlobalSection(SolutionProperties) = preSolution
		HideSolutionNode = FALSE
	EndGlobalSection
	GlobalSection(ExtensibilityGlobals) = postSolution
		SolutionGuid = {22C0291B-3F0C-4895-B1C1-0F11C04F6A3B}
	EndGlobalSection
EndGlobal
