
Microsoft Visual Studio Solution File, Format Version 12.00
# Visual Studio Version 17
VisualStudioVersion = 17.11.35312.102
MinimumVisualStudioVersion = 10.0.40219.1
Project("{FAE04EC0-301F-11D3-BF4B-00C04F79EFBC}") = "yazzarrkitap", "yazzarrkitap\yazzarrkitap.csproj", "{F02E63FE-C403-4A56-8CA9-5DDF3D81DF62}"
EndProject
Global
	GlobalSection(SolutionConfigurationPlatforms) = preSolution
		Debug|Any CPU = Debug|Any CPU
		Release|Any CPU = Release|Any CPU
	EndGlobalSection
	GlobalSection(ProjectConfigurationPlatforms) = postSolution
		{F02E63FE-C403-4A56-8CA9-5DDF3D81DF62}.Debug|Any CPU.ActiveCfg = Debug|Any CPU
		{F02E63FE-C403-4A56-8CA9-5DDF3D81DF62}.Debug|Any CPU.Build.0 = Debug|Any CPU
		{F02E63FE-C403-4A56-8CA9-5DDF3D81DF62}.Release|Any CPU.ActiveCfg = Release|Any CPU
		{F02E63FE-C403-4A56-8CA9-5DDF3D81DF62}.Release|Any CPU.Build.0 = Release|Any CPU
	EndGlobalSection
	GlobalSection(SolutionProperties) = preSolution
		HideSolutionNode = FALSE
	EndGlobalSection
	GlobalSection(ExtensibilityGlobals) = postSolution
		SolutionGuid = {59B3276D-FCDE-41FC-8953-DA3F4F5F99F0}
	EndGlobalSection
EndGlobal
